#MicroXplorer Configuration settings - do not modify
CAD.formats=
CAD.pinconfig=
CAD.provider=
CORTEX_M33_NS.userName=CORTEX_M33
File.Version=6
GPIO.groupedBy=Group By Peripherals
I2C1.I2C_Speed_Mode=I2C_Fast
I2C1.IPParameters=Timing,I2C_Speed_Mode
I2C1.Timing=0x00000004
KeepUserPlacement=false
MMTAppReg1.MEMORYMAP.AP=RW_priv_only
MMTAppReg1.MEMORYMAP.AppRegionName=RAM
MMTAppReg1.MEMORYMAP.ContextName=CortexM33
MMTAppReg1.MEMORYMAP.CoreName=ARM Cortex-M33
MMTAppReg1.MEMORYMAP.DefaultDataRegion=true
MMTAppReg1.MEMORYMAP.IPParameters=StartAddress,Size,CoreName,DefaultDataRegion,ContextName,Name,AP
MMTAppReg1.MEMORYMAP.Name=RAM
MMTAppReg1.MEMORYMAP.Size=786432
MMTAppReg1.MEMORYMAP.StartAddress=0x20000000
MMTAppReg2.MEMORYMAP.AppRegionName=RAM Reserved Alias Region
MMTAppReg2.MEMORYMAP.CoreName=ARM Cortex-M33
MMTAppReg2.MEMORYMAP.DefaultDataRegion=false
MMTAppReg2.MEMORYMAP.IPParameters=StartAddress,Size,CoreName,DefaultDataRegion,ReservedRegion,Name
MMTAppReg2.MEMORYMAP.Name=RAM Reserved Alias Region
MMTAppReg2.MEMORYMAP.ReservedRegion=true
MMTAppReg2.MEMORYMAP.Size=786432
MMTAppReg2.MEMORYMAP.StartAddress=0x0A000000
MMTAppReg3.MEMORYMAP.AP=RO_priv_only
MMTAppReg3.MEMORYMAP.AppRegionName=FLASH
MMTAppReg3.MEMORYMAP.Cacheability=WTRA
MMTAppReg3.MEMORYMAP.ContextName=CortexM33
MMTAppReg3.MEMORYMAP.CoreName=ARM Cortex-M33
MMTAppReg3.MEMORYMAP.DefaultCodeRegion=true
MMTAppReg3.MEMORYMAP.DefaultDataRegion=false
MMTAppReg3.MEMORYMAP.IPParameters=StartAddress,Size,CoreName,DefaultDataRegion,MemType,ContextName,Name,AP,Cacheability,DefaultCodeRegion
MMTAppReg3.MEMORYMAP.MemType=ROM
MMTAppReg3.MEMORYMAP.Name=FLASH
MMTAppReg3.MEMORYMAP.Size=2097152
MMTAppReg3.MEMORYMAP.StartAddress=0x08000000
MMTAppRegionsCount=3
MMTConfigApplied=false
Mcu.CPN=STM32U585AII6Q
Mcu.ContextProject=TrustZoneDisabled
Mcu.Family=STM32U5
Mcu.IP0=CORTEX_M33_NS
Mcu.IP1=I2C1
Mcu.IP10=UART4
Mcu.IP2=ICACHE
Mcu.IP3=LPBAM
Mcu.IP4=LPBAMQUEUE
Mcu.IP5=MEMORYMAP
Mcu.IP6=NVIC
Mcu.IP7=PWR
Mcu.IP8=RCC
Mcu.IP9=SYS
Mcu.IPNb=11
Mcu.Name=STM32U585AIIxQ
Mcu.Package=UFBGA169
Mcu.Pin0=PB6
Mcu.Pin1=PC13
Mcu.Pin10=VP_PWR_VS_LPOM
Mcu.Pin11=VP_SYS_VS_Systick
Mcu.Pin12=VP_LPBAM_VS_SIG1
Mcu.Pin13=VP_LPBAM_VS_SIG4
Mcu.Pin14=VP_MEMORYMAP_VS_MEMORYMAP
Mcu.Pin15=VP_STMicroelectronics.X-CUBE-MEMS1_VS_BoardOoPartJjAcc_1.4.0_9.5.0
Mcu.Pin16=VP_STMicroelectronics.X-CUBE-MEMS1_VS_BoardOoPartJjMag_5.4.0_9.5.0
Mcu.Pin17=VP_STMicroelectronics.X-CUBE-MEMS1_VS_BoardOoPartJjPressTemp_5.5.0_9.5.0
Mcu.Pin18=VP_STMicroelectronics.X-CUBE-MEMS1_VS_BoardOoPartJjTemp_1.3.0_9.5.0
Mcu.Pin19=VP_STMicroelectronics.X-CUBE-MEMS1_VS_BoardOoPartJjAccGyrQvar_1.0.0_9.5.0
Mcu.Pin2=PB7
Mcu.Pin20=VP_STMicroelectronics.X-CUBE-MEMS1_VS_BoardOoSupportJjCustom_9.5.0_9.5.0
Mcu.Pin21=VP_STMicroelectronics.X-CUBE-MEMS1_VS_DeviceJjMEMS1IiApplications_9.5.0_9.5.0
Mcu.Pin3=PF6
Mcu.Pin4=PA0
Mcu.Pin5=PA1
Mcu.Pin6=VP_ICACHE_VS_ICACHE
Mcu.Pin7=VP_LPBAMQUEUE_VS_QUEUE
Mcu.Pin8=VP_PWR_VS_DBSignals
Mcu.Pin9=VP_PWR_VS_SECSignals
Mcu.PinsNb=22
Mcu.ThirdParty0=STMicroelectronics.X-CUBE-MEMS1.9.5.0
Mcu.ThirdPartyNb=1
Mcu.UserConstants=
Mcu.UserName=STM32U585AIIxQ
MxCube.Version=6.9.2
MxDb.Version=DB.6.0.92
NVIC.BusFault_IRQn=true\:0\:0\:false\:false\:true\:false\:false\:false
NVIC.DebugMonitor_IRQn=true\:0\:0\:false\:false\:true\:false\:false\:false
NVIC.EXTI13_IRQn=true\:0\:0\:false\:false\:true\:true\:true\:true
NVIC.ForceEnableDMAVector=true
NVIC.HardFault_IRQn=true\:0\:0\:false\:false\:true\:false\:false\:false
NVIC.MemoryManagement_IRQn=true\:0\:0\:false\:false\:true\:false\:false\:false
NVIC.NonMaskableInt_IRQn=true\:0\:0\:false\:false\:true\:false\:false\:false
NVIC.PendSV_IRQn=true\:0\:0\:false\:false\:true\:false\:false\:false
NVIC.PriorityGroup=NVIC_PRIORITYGROUP_4
NVIC.SVCall_IRQn=true\:0\:0\:false\:false\:true\:false\:false\:false
NVIC.SysTick_IRQn=true\:15\:0\:false\:false\:true\:false\:true\:false
NVIC.UsageFault_IRQn=true\:0\:0\:false\:false\:true\:false\:false\:false
PA0.Locked=true
PA0.Mode=Asynchronous
PA0.Signal=UART4_TX
PA1.Locked=true
PA1.Mode=Asynchronous
PA1.Signal=UART4_RX
PB6.Locked=true
PB6.Mode=I2C
PB6.Signal=I2C1_SCL
PB7.Locked=true
PB7.Mode=I2C
PB7.Signal=I2C1_SDA
PC13.Locked=true
PC13.Signal=GPXTI13
PF6.Locked=true
PF6.Signal=GPIO_Output
PinOutPanel.CurrentBGAView=Top
PinOutPanel.RotationAngle=0
ProjectManager.AskForMigrate=true
ProjectManager.BackupPrevious=false
ProjectManager.CompilerOptimize=6
ProjectManager.ComputerToolchain=false
ProjectManager.CoupleFile=false
ProjectManager.CustomerFirmwarePackage=
ProjectManager.DefaultFWLocation=true
ProjectManager.DeletePrevious=true
ProjectManager.DeviceId=STM32U585AIIxQ
ProjectManager.FirmwarePackage=STM32Cube FW_U5 V1.3.0
ProjectManager.FreePins=false
ProjectManager.HalAssertFull=false
ProjectManager.HeapSize=0x200
ProjectManager.KeepUserCode=true
ProjectManager.LPBAM.generateCode=
ProjectManager.LastFirmware=true
ProjectManager.LibraryCopy=0
ProjectManager.MainLocation=Src
ProjectManager.NoMain=false
ProjectManager.PreviousToolchain=
ProjectManager.ProjectBuild=false
ProjectManager.ProjectFileName=ExampleCubeMxDataLog.ioc
ProjectManager.ProjectName=ExampleCubeMxDataLog
ProjectManager.ProjectStructure=
ProjectManager.RegisterCallBack=
ProjectManager.StackSize=0x400
ProjectManager.TargetToolchain=EWARM V8.50
ProjectManager.ToolChainLocation=
ProjectManager.UAScriptAfterPath=
ProjectManager.UAScriptBeforePath=
ProjectManager.UnderRoot=false
ProjectManager.functionlistsort=1-SystemClock_Config-RCC-false-HAL-false,2-MX_GPIO_Init-GPIO-false-HAL-true,3-MX_ICACHE_Init-ICACHE-false-HAL-true,4-MX_MEMORYMAP_Init-MEMORYMAP-false-HAL-true,5-MX_MEMS_Init-STMicroelectronics.X-CUBE-MEMS1.9.5.0-false-HAL-false,6-MX_MEMS_Process-STMicroelectronics.X-CUBE-MEMS1.9.5.0-false-HAL-false,0-MX_CORTEX_M33_NS_Init-CORTEX_M33_NS-false-HAL-true,0-MX_PWR_Init-PWR-false-HAL-true
RCC.ADCFreq_Value=16000000
RCC.CK48Freq_Value=48000000
RCC.CRSFreq_Value=48000000
RCC.DACCLockSelectionVirtual=RCC_DAC1CLKSOURCE_LSI
RCC.DACFreq_Value=32000
RCC.EPOD_VALUE=4000000
RCC.FDCANFreq_Value=258000000
RCC.FamilyName=M
RCC.HSE_VALUE=16000000
RCC.HSI48_VALUE=48000000
RCC.HSI_VALUE=16000000
RCC.IPParameters=ADCFreq_Value,CK48Freq_Value,CRSFreq_Value,DACCLockSelectionVirtual,DACFreq_Value,EPOD_VALUE,FDCANFreq_Value,FamilyName,HSE_VALUE,HSI48_VALUE,HSI_VALUE,LSCOPinFreq_Value,LSE_VALUE,LSIDIV_VALUE,LSI_VALUE,MSI_VALUE,PLL2PoutputFreq_Value,PLL2QoutputFreq_Value,PLL2RoutputFreq_Value,PLL3PoutputFreq_Value,PLL3QoutputFreq_Value,PLL3RoutputFreq_Value,PLLPoutputFreq_Value,PLLQoutputFreq_Value,PLLRCLKFreq_Value,RNGFreq_Value,SAESFreq_Value,SAI1Freq_Value,SAI2Freq_Value,SDMMCFreq_Value,USBFreq_Value,VCOInput2Freq_Value,VCOInput3Freq_Value,VCOInputFreq_Value,VCOOutputFreq_Value,VCOPLL2OutputFreq_Value,VCOPLL3OutputFreq_Value
RCC.LSCOPinFreq_Value=32000
RCC.LSE_VALUE=32768
RCC.LSIDIV_VALUE=32000
RCC.LSI_VALUE=32000
RCC.MSI_VALUE=4000000
RCC.PLL2PoutputFreq_Value=258000000
RCC.PLL2QoutputFreq_Value=258000000
RCC.PLL2RoutputFreq_Value=258000000
RCC.PLL3PoutputFreq_Value=258000000
RCC.PLL3QoutputFreq_Value=258000000
RCC.PLL3RoutputFreq_Value=258000000
RCC.PLLPoutputFreq_Value=258000000
RCC.PLLQoutputFreq_Value=258000000
RCC.PLLRCLKFreq_Value=258000000
RCC.RNGFreq_Value=48000000
RCC.SAESFreq_Value=48000000
RCC.SAI1Freq_Value=258000000
RCC.SAI2Freq_Value=258000000
RCC.SDMMCFreq_Value=258000000
RCC.USBFreq_Value=48000000
RCC.VCOInput2Freq_Value=4000000
RCC.VCOInput3Freq_Value=4000000
RCC.VCOInputFreq_Value=4000000
RCC.VCOOutputFreq_Value=516000000
RCC.VCOPLL2OutputFreq_Value=516000000
RCC.VCOPLL3OutputFreq_Value=516000000
SH.GPXTI13.0=GPIO_EXTI13
SH.GPXTI13.ConfNb=1
STMicroelectronics.X-CUBE-MEMS1.9.5.0.BSP.number=8
STMicroelectronics.X-CUBE-MEMS1.9.5.0.BoardOoPartJjAccGyrQvarJjLSM6DSV16X=I2C
STMicroelectronics.X-CUBE-MEMS1.9.5.0.BoardOoPartJjAccGyrQvar_Checked=true
STMicroelectronics.X-CUBE-MEMS1.9.5.0.BoardOoPartJjAccJjLIS2DU12=I2C
STMicroelectronics.X-CUBE-MEMS1.9.5.0.BoardOoPartJjAcc_Checked=true
STMicroelectronics.X-CUBE-MEMS1.9.5.0.BoardOoPartJjMagJjLIS2MDL=I2C
STMicroelectronics.X-CUBE-MEMS1.9.5.0.BoardOoPartJjMag_Checked=true
STMicroelectronics.X-CUBE-MEMS1.9.5.0.BoardOoPartJjPressTempJjLPS22DF=I2C
STMicroelectronics.X-CUBE-MEMS1.9.5.0.BoardOoPartJjPressTemp_Checked=true
STMicroelectronics.X-CUBE-MEMS1.9.5.0.BoardOoPartJjTempJjSTTS22H=I2C
STMicroelectronics.X-CUBE-MEMS1.9.5.0.BoardOoPartJjTemp_Checked=true
STMicroelectronics.X-CUBE-MEMS1.9.5.0.BoardOoSupportJjCustomJjENVIiSENSOR=true
STMicroelectronics.X-CUBE-MEMS1.9.5.0.BoardOoSupportJjCustomJjMOTIONIiSENSOR=true
STMicroelectronics.X-CUBE-MEMS1.9.5.0.BoardOoSupportJjCustom_Checked=true
STMicroelectronics.X-CUBE-MEMS1.9.5.0.DeviceJjMEMS1IiApplications_Checked=true
STMicroelectronics.X-CUBE-MEMS1.9.5.0.IPParameters=BoardOoSupportJjCustomJjMOTIONIiSENSOR,BoardOoSupportJjCustomJjENVIiSENSOR,BoardOoPartJjMagJjLIS2MDL,BoardOoPartJjTempJjSTTS22H,BoardOoPartJjPressTempJjLPS22DF,BoardOoPartJjAccJjLIS2DU12,BoardOoPartJjAccGyrQvarJjLSM6DSV16X,MEMS1IiApplicationsCcDeviceJjApplication
STMicroelectronics.X-CUBE-MEMS1.9.5.0.MEMS1IiApplicationsCcDeviceJjApplication=DataLogTerminal
STMicroelectronics.X-CUBE-MEMS1.9.5.00.BSP.STBoard=false
STMicroelectronics.X-CUBE-MEMS1.9.5.00.BSP.api=BSP_BUS_DRIVER
STMicroelectronics.X-CUBE-MEMS1.9.5.00.BSP.component=
STMicroelectronics.X-CUBE-MEMS1.9.5.00.BSP.condition=SEMBoardOoPartJjAccGyrQvarJjLSM6DSV16XJjI2C
STMicroelectronics.X-CUBE-MEMS1.9.5.00.BSP.instance=I2C1
STMicroelectronics.X-CUBE-MEMS1.9.5.00.BSP.ip=I2C
STMicroelectronics.X-CUBE-MEMS1.9.5.00.BSP.mode=I2C
STMicroelectronics.X-CUBE-MEMS1.9.5.00.BSP.name=LSM6DSV16X BUS IO driver
STMicroelectronics.X-CUBE-MEMS1.9.5.00.BSP.semaphore=
STMicroelectronics.X-CUBE-MEMS1.9.5.00.BSP.solution=I2C1
STMicroelectronics.X-CUBE-MEMS1.9.5.01.BSP.STBoard=false
STMicroelectronics.X-CUBE-MEMS1.9.5.01.BSP.api=BSP_BUS_DRIVER
STMicroelectronics.X-CUBE-MEMS1.9.5.01.BSP.component=
STMicroelectronics.X-CUBE-MEMS1.9.5.01.BSP.condition=SEMBoardOoPartJjMagJjLIS2MDLJjI2C
STMicroelectronics.X-CUBE-MEMS1.9.5.01.BSP.instance=I2C1
STMicroelectronics.X-CUBE-MEMS1.9.5.01.BSP.ip=I2C
STMicroelectronics.X-CUBE-MEMS1.9.5.01.BSP.mode=I2C
STMicroelectronics.X-CUBE-MEMS1.9.5.01.BSP.name=LIS2MDL BUS IO driver
STMicroelectronics.X-CUBE-MEMS1.9.5.01.BSP.semaphore=
STMicroelectronics.X-CUBE-MEMS1.9.5.01.BSP.solution=I2C1
STMicroelectronics.X-CUBE-MEMS1.9.5.02.BSP.STBoard=false
STMicroelectronics.X-CUBE-MEMS1.9.5.02.BSP.api=BSP_BUS_DRIVER
STMicroelectronics.X-CUBE-MEMS1.9.5.02.BSP.component=
STMicroelectronics.X-CUBE-MEMS1.9.5.02.BSP.condition=SEMBoardOoPartJjAccJjLIS2DU12JjI2C
STMicroelectronics.X-CUBE-MEMS1.9.5.02.BSP.instance=I2C1
STMicroelectronics.X-CUBE-MEMS1.9.5.02.BSP.ip=I2C
STMicroelectronics.X-CUBE-MEMS1.9.5.02.BSP.mode=I2C
STMicroelectronics.X-CUBE-MEMS1.9.5.02.BSP.name=LIS2DU12 BUS IO driver
STMicroelectronics.X-CUBE-MEMS1.9.5.02.BSP.semaphore=
STMicroelectronics.X-CUBE-MEMS1.9.5.02.BSP.solution=I2C1
STMicroelectronics.X-CUBE-MEMS1.9.5.03.BSP.STBoard=false
STMicroelectronics.X-CUBE-MEMS1.9.5.03.BSP.api=BSP_BUS_DRIVER
STMicroelectronics.X-CUBE-MEMS1.9.5.03.BSP.component=
STMicroelectronics.X-CUBE-MEMS1.9.5.03.BSP.condition=SEMBoardOoPartJjTempJjSTTS22HJjI2C
STMicroelectronics.X-CUBE-MEMS1.9.5.03.BSP.instance=I2C1
STMicroelectronics.X-CUBE-MEMS1.9.5.03.BSP.ip=I2C
STMicroelectronics.X-CUBE-MEMS1.9.5.03.BSP.mode=I2C
STMicroelectronics.X-CUBE-MEMS1.9.5.03.BSP.name=STTS22H BUS IO driver
STMicroelectronics.X-CUBE-MEMS1.9.5.03.BSP.semaphore=
STMicroelectronics.X-CUBE-MEMS1.9.5.03.BSP.solution=I2C1
STMicroelectronics.X-CUBE-MEMS1.9.5.04.BSP.STBoard=false
STMicroelectronics.X-CUBE-MEMS1.9.5.04.BSP.api=BSP_COMMON_DRIVER
STMicroelectronics.X-CUBE-MEMS1.9.5.04.BSP.component=
STMicroelectronics.X-CUBE-MEMS1.9.5.04.BSP.condition=\!(SEMMEMS1IiApplicationsCcDeviceJjApplicationJjIKS01A3IiIntensityDetection | SEMMEMS1IiApplicationsCcDeviceJjApplicationJjIKS01A2IiIntensityDetection | SEMMEMS1IiApplicationsCcDeviceJjApplicationJjCUSTOMIiIntensityDetection | SEMMEMS1IiApplicationsCcDeviceJjApplicationJjIKS01A3IiGyroscopeCalibration | SEMMEMS1IiApplicationsCcDeviceJjApplicationJjIKS01A2IiGyroscopeCalibration | SEMMEMS1IiApplicationsCcDeviceJjApplicationJjIKS02A1IiGyroscopeCalibration | SEMMEMS1IiApplicationsCcDeviceJjApplicationJjCUSTOMIiGyroscopeCalibration | SEMMEMS1IiApplicationsCcDeviceJjApplicationJjIKS01A3IiAccelerometerCalibration | SEMMEMS1IiApplicationsCcDeviceJjApplicationJjIKS01A2IiAccelerometerCalibration | SEMMEMS1IiApplicationsCcDeviceJjApplicationJjIKS02A1IiAccelerometerCalibration | SEMMEMS1IiApplicationsCcDeviceJjApplicationJjCUSTOMIiAccelerometerCalibration | SEMMEMS1IiApplicationsCcDeviceJjApplicationJjIKS01A3IiMagnetometerCalibration | SEMMEMS1IiApplicationsCcDeviceJjApplicationJjIKS01A2IiMagnetometerCalibration | SEMMEMS1IiApplicationsCcDeviceJjApplicationJjIKS02A1IiMagnetometerCalibration | SEMMEMS1IiApplicationsCcDeviceJjApplicationJjCUSTOMIiMagnetometerCalibration | SEMMEMS1IiApplicationsCcDeviceJjApplicationJjIKS01A3IiTiltSensing | SEMMEMS1IiApplicationsCcDeviceJjApplicationJjIKS01A2IiTiltSensing | SEMMEMS1IiApplicationsCcDeviceJjApplicationJjIKS02A1IiTiltSensing | SEMMEMS1IiApplicationsCcDeviceJjApplicationJjCUSTOMIiTiltSensing | SEMMEMS1IiApplicationsCcDeviceJjApplicationJjIKS01A3IiVerticalContext | SEMMEMS1IiApplicationsCcDeviceJjApplicationJjIKS01A2IiVerticalContext | SEMMEMS1IiApplicationsCcDeviceJjApplicationJjCUSTOMIiVerticalContext | SEMMEMS1IiApplicationsCcDeviceJjApplicationJjIKS01A3IiCarryPosition | SEMMEMS1IiApplicationsCcDeviceJjApplicationJjIKS01A2IiCarryPosition | SEMMEMS1IiApplicationsCcDeviceJjApplicationJjCUSTOMIiCarryPosition | SEMMEMS1IiApplicationsCcDeviceJjApplicationJjIKS01A3IiECompass | SEMMEMS1IiApplicationsCcDeviceJjApplicationJjIKS01A2IiECompass | SEMMEMS1IiApplicationsCcDeviceJjApplicationJjIKS02A1IiECompass | SEMMEMS1IiApplicationsCcDeviceJjApplicationJjCUSTOMIiECompass | SEMMEMS1IiApplicationsCcDeviceJjApplicationJjIKS01A3IiGestureRecognition | SEMMEMS1IiApplicationsCcDeviceJjApplicationJjIKS01A2IiGestureRecognition | SEMMEMS1IiApplicationsCcDeviceJjApplicationJjCUSTOMIiGestureRecognition | SEMMEMS1IiApplicationsCcDeviceJjApplicationJjIKS01A3IiDynamicInclinometer | SEMMEMS1IiApplicationsCcDeviceJjApplicationJjIKS01A2IiDynamicInclinometer | SEMMEMS1IiApplicationsCcDeviceJjApplicationJjIKS02A1IiDynamicInclinometer | SEMMEMS1IiApplicationsCcDeviceJjApplicationJjCUSTOMIiDynamicInclinometer | SEMMEMS1IiApplicationsCcDeviceJjApplicationJjIKS01A3IiAirplaneDetection | SEMMEMS1IiApplicationsCcDeviceJjApplicationJjIKS01A2IiAirplaneDetection | SEMMEMS1IiApplicationsCcDeviceJjApplicationJjCUSTOMIiAirplaneDetection | SEMMEMS1IiApplicationsCcDeviceJjApplicationJjIKS01A3IiActiveTime | SEMMEMS1IiApplicationsCcDeviceJjApplicationJjIKS01A2IiActiveTime | SEMMEMS1IiApplicationsCcDeviceJjApplicationJjCUSTOMIiActiveTime | SEMMEMS1IiApplicationsCcDeviceJjApplicationJjIKS01A3IiActivityRecognition | SEMMEMS1IiApplicationsCcDeviceJjApplicationJjIKS01A2IiActivityRecognition | SEMMEMS1IiApplicationsCcDeviceJjApplicationJjCUSTOMIiActivityRecognition | SEMMEMS1IiApplicationsCcDeviceJjApplicationJjIKS01A3IiActivityRecognitionWrist | SEMMEMS1IiApplicationsCcDeviceJjApplicationJjIKS01A2IiActivityRecognitionWrist | SEMMEMS1IiApplicationsCcDeviceJjApplicationJjCUSTOMIiActivityRecognitionWrist | SEMMEMS1IiApplicationsCcDeviceJjApplicationJjIKS01A3IiFallDetection | SEMMEMS1IiApplicationsCcDeviceJjApplicationJjIKS01A2IiFallDetection | SEMMEMS1IiApplicationsCcDeviceJjApplicationJjCUSTOMIiFallDetection | SEMMEMS1IiApplicationsCcDeviceJjApplicationJjIKS01A3IiFitnessActivities | SEMMEMS1IiApplicationsCcDeviceJjApplicationJjIKS01A2IiFitnessActivities | SEMMEMS1IiApplicationsCcDeviceJjApplicationJjCUSTOMIiFitnessActivities | SEMMEMS1IiApplicationsCcDeviceJjApplicationJjIKS01A3IiPedometer | SEMMEMS1IiApplicationsCcDeviceJjApplicationJjIKS01A2IiPedometer | SEMMEMS1IiApplicationsCcDeviceJjApplicationJjCUSTOMIiPedometer | SEMMEMS1IiApplicationsCcDeviceJjApplicationJjIKS01A3IiPedometerWrist | SEMMEMS1IiApplicationsCcDeviceJjApplicationJjIKS01A2IiPedometerWrist | SEMMEMS1IiApplicationsCcDeviceJjApplicationJjCUSTOMIiPedometerWrist | SEMMEMS1IiApplicationsCcDeviceJjApplicationJjIKS01A3IiPoseEstimation | SEMMEMS1IiApplicationsCcDeviceJjApplicationJjIKS01A2IiPoseEstimation | SEMMEMS1IiApplicationsCcDeviceJjApplicationJjCUSTOMIiPoseEstimation | SEMMEMS1IiApplicationsCcDeviceJjApplicationJjIKS01A3IiStandingSittingDesk | SEMMEMS1IiApplicationsCcDeviceJjApplicationJjIKS01A2IiStandingSittingDesk | SEMMEMS1IiApplicationsCcDeviceJjApplicationJjCUSTOMIiStandingSittingDesk | SEMMEMS1IiApplicationsCcDeviceJjApplicationJjAccelCalibration2IiIIS2ICLX | SEMMEMS1IiApplicationsCcDeviceJjApplicationJjTiltSensing2IiIIS2ICLX)
STMicroelectronics.X-CUBE-MEMS1.9.5.04.BSP.instance=PC13
STMicroelectronics.X-CUBE-MEMS1.9.5.04.BSP.ip=GPIO
STMicroelectronics.X-CUBE-MEMS1.9.5.04.BSP.mode=EXTI
STMicroelectronics.X-CUBE-MEMS1.9.5.04.BSP.name=BSP BUTTON
STMicroelectronics.X-CUBE-MEMS1.9.5.04.BSP.semaphore=
STMicroelectronics.X-CUBE-MEMS1.9.5.04.BSP.solution=PC13
STMicroelectronics.X-CUBE-MEMS1.9.5.05.BSP.STBoard=false
STMicroelectronics.X-CUBE-MEMS1.9.5.05.BSP.api=BSP_BUS_DRIVER
STMicroelectronics.X-CUBE-MEMS1.9.5.05.BSP.component=
STMicroelectronics.X-CUBE-MEMS1.9.5.05.BSP.condition=SEMBoardOoPartJjPressTempJjLPS22DFJjI2C
STMicroelectronics.X-CUBE-MEMS1.9.5.05.BSP.instance=I2C1
STMicroelectronics.X-CUBE-MEMS1.9.5.05.BSP.ip=I2C
STMicroelectronics.X-CUBE-MEMS1.9.5.05.BSP.mode=I2C
STMicroelectronics.X-CUBE-MEMS1.9.5.05.BSP.name=LPS22DF BUS IO driver
STMicroelectronics.X-CUBE-MEMS1.9.5.05.BSP.semaphore=
STMicroelectronics.X-CUBE-MEMS1.9.5.05.BSP.solution=I2C1
STMicroelectronics.X-CUBE-MEMS1.9.5.06.BSP.STBoard=false
STMicroelectronics.X-CUBE-MEMS1.9.5.06.BSP.api=BSP_COMMON_DRIVER
STMicroelectronics.X-CUBE-MEMS1.9.5.06.BSP.component=
STMicroelectronics.X-CUBE-MEMS1.9.5.06.BSP.condition=
STMicroelectronics.X-CUBE-MEMS1.9.5.06.BSP.instance=UART4
STMicroelectronics.X-CUBE-MEMS1.9.5.06.BSP.ip=UART|USART|LPUART
STMicroelectronics.X-CUBE-MEMS1.9.5.06.BSP.mode=Asynchronous
STMicroelectronics.X-CUBE-MEMS1.9.5.06.BSP.name=BSP USART
STMicroelectronics.X-CUBE-MEMS1.9.5.06.BSP.semaphore=
STMicroelectronics.X-CUBE-MEMS1.9.5.06.BSP.solution=UART4
STMicroelectronics.X-CUBE-MEMS1.9.5.07.BSP.STBoard=false
STMicroelectronics.X-CUBE-MEMS1.9.5.07.BSP.api=BSP_COMMON_DRIVER
STMicroelectronics.X-CUBE-MEMS1.9.5.07.BSP.component=
STMicroelectronics.X-CUBE-MEMS1.9.5.07.BSP.condition=
STMicroelectronics.X-CUBE-MEMS1.9.5.07.BSP.instance=PF6
STMicroelectronics.X-CUBE-MEMS1.9.5.07.BSP.ip=GPIO
STMicroelectronics.X-CUBE-MEMS1.9.5.07.BSP.mode=Output
STMicroelectronics.X-CUBE-MEMS1.9.5.07.BSP.name=BSP LED
STMicroelectronics.X-CUBE-MEMS1.9.5.07.BSP.semaphore=
STMicroelectronics.X-CUBE-MEMS1.9.5.07.BSP.solution=PF6
STMicroelectronics.X-CUBE-MEMS1.9.5.0_SwParameter=BoardOoSupportJjCustomJjENVIiSENSOR\:true;BoardOoPartJjAccJjLIS2DU12\:I2C;BoardOoPartJjAccGyrQvarJjLSM6DSV16X\:I2C;BoardOoPartJjMagJjLIS2MDL\:I2C;BoardOoSupportJjCustomJjMOTIONIiSENSOR\:true;MEMS1IiApplicationsCcDeviceJjApplication\:DataLogTerminal;BoardOoPartJjPressTempJjLPS22DF\:I2C;BoardOoPartJjTempJjSTTS22H\:I2C;
VP_ICACHE_VS_ICACHE.Mode=DirectMappedCache
VP_ICACHE_VS_ICACHE.Signal=ICACHE_VS_ICACHE
VP_LPBAMQUEUE_VS_QUEUE.Mode=QUEUEMODE
VP_LPBAMQUEUE_VS_QUEUE.Signal=LPBAMQUEUE_VS_QUEUE
VP_LPBAM_VS_SIG1.Mode=SmartRun
VP_LPBAM_VS_SIG1.Signal=LPBAM_VS_SIG1
VP_LPBAM_VS_SIG4.Mode=LPDMA1
VP_LPBAM_VS_SIG4.Signal=LPBAM_VS_SIG4
VP_MEMORYMAP_VS_MEMORYMAP.Mode=CurAppReg
VP_MEMORYMAP_VS_MEMORYMAP.Signal=MEMORYMAP_VS_MEMORYMAP
VP_PWR_VS_DBSignals.Mode=DisableDeadBatterySignals
VP_PWR_VS_DBSignals.Signal=PWR_VS_DBSignals
VP_PWR_VS_LPOM.Mode=PowerOptimisation
VP_PWR_VS_LPOM.Signal=PWR_VS_LPOM
VP_PWR_VS_SECSignals.Mode=Security/Privilege
VP_PWR_VS_SECSignals.Signal=PWR_VS_SECSignals
VP_STMicroelectronics.X-CUBE-MEMS1_VS_BoardOoPartJjAccGyrQvar_1.0.0_9.5.0.Mode=BoardOoPartJjAccGyrQvar
VP_STMicroelectronics.X-CUBE-MEMS1_VS_BoardOoPartJjAccGyrQvar_1.0.0_9.5.0.Signal=STMicroelectronics.X-CUBE-MEMS1_VS_BoardOoPartJjAccGyrQvar_1.0.0_9.5.0
VP_STMicroelectronics.X-CUBE-MEMS1_VS_BoardOoPartJjAcc_1.4.0_9.5.0.Mode=BoardOoPartJjAcc
VP_STMicroelectronics.X-CUBE-MEMS1_VS_BoardOoPartJjAcc_1.4.0_9.5.0.Signal=STMicroelectronics.X-CUBE-MEMS1_VS_BoardOoPartJjAcc_1.4.0_9.5.0
VP_STMicroelectronics.X-CUBE-MEMS1_VS_BoardOoPartJjMag_5.4.0_9.5.0.Mode=BoardOoPartJjMag
VP_STMicroelectronics.X-CUBE-MEMS1_VS_BoardOoPartJjMag_5.4.0_9.5.0.Signal=STMicroelectronics.X-CUBE-MEMS1_VS_BoardOoPartJjMag_5.4.0_9.5.0
VP_STMicroelectronics.X-CUBE-MEMS1_VS_BoardOoPartJjPressTemp_5.5.0_9.5.0.Mode=BoardOoPartJjPressTemp
VP_STMicroelectronics.X-CUBE-MEMS1_VS_BoardOoPartJjPressTemp_5.5.0_9.5.0.Signal=STMicroelectronics.X-CUBE-MEMS1_VS_BoardOoPartJjPressTemp_5.5.0_9.5.0
VP_STMicroelectronics.X-CUBE-MEMS1_VS_BoardOoPartJjTemp_1.3.0_9.5.0.Mode=BoardOoPartJjTemp
VP_STMicroelectronics.X-CUBE-MEMS1_VS_BoardOoPartJjTemp_1.3.0_9.5.0.Signal=STMicroelectronics.X-CUBE-MEMS1_VS_BoardOoPartJjTemp_1.3.0_9.5.0
VP_STMicroelectronics.X-CUBE-MEMS1_VS_BoardOoSupportJjCustom_9.5.0_9.5.0.Mode=BoardOoSupportJjCustom
VP_STMicroelectronics.X-CUBE-MEMS1_VS_BoardOoSupportJjCustom_9.5.0_9.5.0.Signal=STMicroelectronics.X-CUBE-MEMS1_VS_BoardOoSupportJjCustom_9.5.0_9.5.0
VP_STMicroelectronics.X-CUBE-MEMS1_VS_DeviceJjMEMS1IiApplications_9.5.0_9.5.0.Mode=DeviceJjMEMS1IiApplications
VP_STMicroelectronics.X-CUBE-MEMS1_VS_DeviceJjMEMS1IiApplications_9.5.0_9.5.0.Signal=STMicroelectronics.X-CUBE-MEMS1_VS_DeviceJjMEMS1IiApplications_9.5.0_9.5.0
VP_SYS_VS_Systick.Mode=SysTick
VP_SYS_VS_Systick.Signal=SYS_VS_Systick
board=custom
